// !$*UTF8*$!
{
	archiveVersion = 1;
	classes = {
	};
	objectVersion = 50;
	objects = {

/* Begin PBXBuildFile section */
		53B5BAAB22DBEA2A0001040C /* AppDelegate.swift in Sources */ = {isa = PBXBuildFile; fileRef = 53B5BAAA22DBEA2A0001040C /* AppDelegate.swift */; };
		53B5BAB022DBEA2A0001040C /* Main.storyboard in Resources */ = {isa = PBXBuildFile; fileRef = 53B5BAAE22DBEA2A0001040C /* Main.storyboard */; };
		53B5BAB222DBEA2B0001040C /* Assets.xcassets in Resources */ = {isa = PBXBuildFile; fileRef = 53B5BAB122DBEA2B0001040C /* Assets.xcassets */; };
		53B5BAB522DBEA2B0001040C /* LaunchScreen.storyboard in Resources */ = {isa = PBXBuildFile; fileRef = 53B5BAB322DBEA2B0001040C /* LaunchScreen.storyboard */; };
		53B5BAC222DBEACE0001040C /* Contact.swift in Sources */ = {isa = PBXBuildFile; fileRef = 53B5BAC122DBEACE0001040C /* Contact.swift */; };
		53B5BAC422DBF2CF0001040C /* ContactController.swift in Sources */ = {isa = PBXBuildFile; fileRef = 53B5BAC322DBF2CF0001040C /* ContactController.swift */; };
		53B5BAC622DBF8B70001040C /* ContactDetailViewController.swift in Sources */ = {isa = PBXBuildFile; fileRef = 53B5BAC522DBF8B70001040C /* ContactDetailViewController.swift */; };
		53B5BAC822DBF8C90001040C /* ContactListTableViewController.swift in Sources */ = {isa = PBXBuildFile; fileRef = 53B5BAC722DBF8C90001040C /* ContactListTableViewController.swift */; };
		53B5BACC22DBFB9F0001040C /* CloudKit.framework in Frameworks */ = {isa = PBXBuildFile; fileRef = 53B5BACB22DBFB9F0001040C /* CloudKit.framework */; };
/* End PBXBuildFile section */

/* Begin PBXFileReference section */
		53B5BAA722DBEA2A0001040C /* ContactList2.app */ = {isa = PBXFileReference; explicitFileType = wrapper.application; includeInIndex = 0; path = ContactList2.app; sourceTree = BUILT_PRODUCTS_DIR; };
		53B5BAAA22DBEA2A0001040C /* AppDelegate.swift */ = {isa = PBXFileReference; lastKnownFileType = sourcecode.swift; path = AppDelegate.swift; sourceTree = "<group>"; };
		53B5BAAF22DBEA2A0001040C /* Base */ = {isa = PBXFileReference; lastKnownFileType = file.storyboard; name = Base; path = Base.lproj/Main.storyboard; sourceTree = "<group>"; };
		53B5BAB122DBEA2B0001040C /* Assets.xcassets */ = {isa = PBXFileReference; lastKnownFileType = folder.assetcatalog; path = Assets.xcassets; sourceTree = "<group>"; };
		53B5BAB422DBEA2B0001040C /* Base */ = {isa = PBXFileReference; lastKnownFileType = file.storyboard; name = Base; path = Base.lproj/LaunchScreen.storyboard; sourceTree = "<group>"; };
		53B5BAB622DBEA2B0001040C /* Info.plist */ = {isa = PBXFileReference; lastKnownFileType = text.plist.xml; path = Info.plist; sourceTree = "<group>"; };
		53B5BAC122DBEACE0001040C /* Contact.swift */ = {isa = PBXFileReference; lastKnownFileType = sourcecode.swift; path = Contact.swift; sourceTree = "<group>"; };
		53B5BAC322DBF2CF0001040C /* ContactController.swift */ = {isa = PBXFileReference; lastKnownFileType = sourcecode.swift; path = ContactController.swift; sourceTree = "<group>"; };
		53B5BAC522DBF8B70001040C /* ContactDetailViewController.swift */ = {isa = PBXFileReference; lastKnownFileType = sourcecode.swift; path = ContactDetailViewController.swift; sourceTree = "<group>"; };
		53B5BAC722DBF8C90001040C /* ContactListTableViewController.swift */ = {isa = PBXFileReference; lastKnownFileType = sourcecode.swift; path = ContactListTableViewController.swift; sourceTree = "<group>"; };
		53B5BAC922DBFB9D0001040C /* ContactList2.entitlements */ = {isa = PBXFileReference; lastKnownFileType = text.plist.entitlements; path = ContactList2.entitlements; sourceTree = "<group>"; };
		53B5BACB22DBFB9F0001040C /* CloudKit.framework */ = {isa = PBXFileReference; lastKnownFileType = wrapper.framework; name = CloudKit.framework; path = System/Library/Frameworks/CloudKit.framework; sourceTree = SDKROOT; };
/* End PBXFileReference section */

/* Begin PBXFrameworksBuildPhase section */
		53B5BAA422DBEA2A0001040C /* Frameworks */ = {
			isa = PBXFrameworksBuildPhase;
			buildActionMask = 2147483647;
			files = (
				53B5BACC22DBFB9F0001040C /* CloudKit.framework in Frameworks */,
			);
			runOnlyForDeploymentPostprocessing = 0;
		};
/* End PBXFrameworksBuildPhase section */

/* Begin PBXGroup section */
		53B5BA9E22DBEA2A0001040C = {
			isa = PBXGroup;
			children = (
				53B5BAA922DBEA2A0001040C /* ContactList2 */,
				53B5BAA822DBEA2A0001040C /* Products */,
				53B5BACA22DBFB9F0001040C /* Frameworks */,
			);
			sourceTree = "<group>";
		};
		53B5BAA822DBEA2A0001040C /* Products */ = {
			isa = PBXGroup;
			children = (
				53B5BAA722DBEA2A0001040C /* ContactList2.app */,
			);
			name = Products;
			sourceTree = "<group>";
		};
		53B5BAA922DBEA2A0001040C /* ContactList2 */ = {
			isa = PBXGroup;
			children = (
				53B5BAC922DBFB9D0001040C /* ContactList2.entitlements */,
				53B5BAC022DBEA790001040C /* Model */,
				53B5BABF22DBEA740001040C /* Model Controller */,
				53B5BABE22DBEA5C0001040C /* View Controller */,
				53B5BABD22DBEA450001040C /* Views */,
				53B5BABC22DBEA390001040C /* Resources */,
			);
			path = ContactList2;
			sourceTree = "<group>";
		};
		53B5BABC22DBEA390001040C /* Resources */ = {
			isa = PBXGroup;
			children = (
				53B5BAAA22DBEA2A0001040C /* AppDelegate.swift */,
				53B5BAB122DBEA2B0001040C /* Assets.xcassets */,
				53B5BAB322DBEA2B0001040C /* LaunchScreen.storyboard */,
				53B5BAB622DBEA2B0001040C /* Info.plist */,
			);
			path = Resources;
			sourceTree = "<group>";
		};
		53B5BABD22DBEA450001040C /* Views */ = {
			isa = PBXGroup;
			children = (
				53B5BAAE22DBEA2A0001040C /* Main.storyboard */,
			);
			path = Views;
			sourceTree = "<group>";
		};
		53B5BABE22DBEA5C0001040C /* View Controller */ = {
			isa = PBXGroup;
			children = (
				53B5BAC722DBF8C90001040C /* ContactListTableViewController.swift */,
				53B5BAC522DBF8B70001040C /* ContactDetailViewController.swift */,
			);
			path = "View Controller";
			sourceTree = "<group>";
		};
		53B5BABF22DBEA740001040C /* Model Controller */ = {
			isa = PBXGroup;
			children = (
				53B5BAC322DBF2CF0001040C /* ContactController.swift */,
			);
			path = "Model Controller";
			sourceTree = "<group>";
		};
		53B5BAC022DBEA790001040C /* Model */ = {
			isa = PBXGroup;
			children = (
				53B5BAC122DBEACE0001040C /* Contact.swift */,
			);
			path = Model;
			sourceTree = "<group>";
		};
		53B5BACA22DBFB9F0001040C /* Frameworks */ = {
			isa = PBXGroup;
			children = (
				53B5BACB22DBFB9F0001040C /* CloudKit.framework */,
			);
			name = Frameworks;
			sourceTree = "<group>";
		};
/* End PBXGroup section */

/* Begin PBXNativeTarget section */
		53B5BAA622DBEA2A0001040C /* ContactList2 */ = {
			isa = PBXNativeTarget;
			buildConfigurationList = 53B5BAB922DBEA2B0001040C /* Build configuration list for PBXNativeTarget "ContactList2" */;
			buildPhases = (
				53B5BAA322DBEA2A0001040C /* Sources */,
				53B5BAA422DBEA2A0001040C /* Frameworks */,
				53B5BAA522DBEA2A0001040C /* Resources */,
			);
			buildRules = (
			);
			dependencies = (
			);
			name = ContactList2;
			productName = ContactList2;
			productReference = 53B5BAA722DBEA2A0001040C /* ContactList2.app */;
			productType = "com.apple.product-type.application";
		};
/* End PBXNativeTarget section */

/* Begin PBXProject section */
		53B5BA9F22DBEA2A0001040C /* Project object */ = {
			isa = PBXProject;
			attributes = {
				LastSwiftUpdateCheck = 1020;
				LastUpgradeCheck = 1020;
				ORGANIZATIONNAME = "Madi S";
				TargetAttributes = {
					53B5BAA622DBEA2A0001040C = {
						CreatedOnToolsVersion = 10.2.1;
						SystemCapabilities = {
							com.apple.Push = {
								enabled = 1;
							};
							com.apple.iCloud = {
								enabled = 1;
							};
						};
					};
				};
			};
			buildConfigurationList = 53B5BAA222DBEA2A0001040C /* Build configuration list for PBXProject "ContactList2" */;
			compatibilityVersion = "Xcode 9.3";
			developmentRegion = en;
			hasScannedForEncodings = 0;
			knownRegions = (
				en,
				Base,
			);
			mainGroup = 53B5BA9E22DBEA2A0001040C;
			productRefGroup = 53B5BAA822DBEA2A0001040C /* Products */;
			projectDirPath = "";
			projectRoot = "";
			targets = (
				53B5BAA622DBEA2A0001040C /* ContactList2 */,
			);
		};
/* End PBXProject section */

/* Begin PBXResourcesBuildPhase section */
		53B5BAA522DBEA2A0001040C /* Resources */ = {
			isa = PBXResourcesBuildPhase;
			buildActionMask = 2147483647;
			files = (
				53B5BAB522DBEA2B0001040C /* LaunchScreen.storyboard in Resources */,
				53B5BAB222DBEA2B0001040C /* Assets.xcassets in Resources */,
				53B5BAB022DBEA2A0001040C /* Main.storyboard in Resources */,
			);
			runOnlyForDeploymentPostprocessing = 0;
		};
/* End PBXResourcesBuildPhase section */

/* Begin PBXSourcesBuildPhase section */
		53B5BAA322DBEA2A0001040C /* Sources */ = {
			isa = PBXSourcesBuildPhase;
			buildActionMask = 2147483647;
			files = (
				53B5BAC422DBF2CF0001040C /* ContactController.swift in Sources */,
				53B5BAAB22DBEA2A0001040C /* AppDelegate.swift in Sources */,
				53B5BAC622DBF8B70001040C /* ContactDetailViewController.swift in Sources */,
				53B5BAC822DBF8C90001040C /* ContactListTableViewController.swift in Sources */,
				53B5BAC222DBEACE0001040C /* Contact.swift in Sources */,
			);
			runOnlyForDeploymentPostprocessing = 0;
		};
/* End PBXSourcesBuildPhase section */

/* Begin PBXVariantGroup section */
		53B5BAAE22DBEA2A0001040C /* Main.storyboard */ = {
			isa = PBXVariantGroup;
			children = (
				53B5BAAF22DBEA2A0001040C /* Base */,
			);
			name = Main.storyboard;
			sourceTree = "<group>";
		};
		53B5BAB322DBEA2B0001040C /* LaunchScreen.storyboard */ = {
			isa = PBXVariantGroup;
			children = (
				53B5BAB422DBEA2B0001040C /* Base */,
			);
			name = LaunchScreen.storyboard;
			sourceTree = "<group>";
		};
/* End PBXVariantGroup section */

/* Begin XCBuildConfiguration section */
		53B5BAB722DBEA2B0001040C /* Debug */ = {
			isa = XCBuildConfiguration;
			buildSettings = {
				ALWAYS_SEARCH_USER_PATHS = NO;
				CLANG_ANALYZER_NONNULL = YES;
				CLANG_ANALYZER_NUMBER_OBJECT_CONVERSION = YES_AGGRESSIVE;
				CLANG_CXX_LANGUAGE_STANDARD = "gnu++14";
				CLANG_CXX_LIBRARY = "libc++";
				CLANG_ENABLE_MODULES = YES;
				CLANG_ENABLE_OBJC_ARC = YES;
				CLANG_ENABLE_OBJC_WEAK = YES;
				CLANG_WARN_BLOCK_CAPTURE_AUTORELEASING = YES;
				CLANG_WARN_BOOL_CONVERSION = YES;
				CLANG_WARN_COMMA = YES;
				CLANG_WARN_CONSTANT_CONVERSION = YES;
				CLANG_WARN_DEPRECATED_OBJC_IMPLEMENTATIONS = YES;
				CLANG_WARN_DIRECT_OBJC_ISA_USAGE = YES_ERROR;
				CLANG_WARN_DOCUMENTATION_COMMENTS = YES;
				CLANG_WARN_EMPTY_BODY = YES;
				CLANG_WARN_ENUM_CONVERSION = YES;
				CLANG_WARN_INFINITE_RECURSION = YES;
				CLANG_WARN_INT_CONVERSION = YES;
				CLANG_WARN_NON_LITERAL_NULL_CONVERSION = YES;
				CLANG_WARN_OBJC_IMPLICIT_RETAIN_SELF = YES;
				CLANG_WARN_OBJC_LITERAL_CONVERSION = YES;
				CLANG_WARN_OBJC_ROOT_CLASS = YES_ERROR;
				CLANG_WARN_RANGE_LOOP_ANALYSIS = YES;
				CLANG_WARN_STRICT_PROTOTYPES = YES;
				CLANG_WARN_SUSPICIOUS_MOVE = YES;
				CLANG_WARN_UNGUARDED_AVAILABILITY = YES_AGGRESSIVE;
				CLANG_WARN_UNREACHABLE_CODE = YES;
				CLANG_WARN__DUPLICATE_METHOD_MATCH = YES;
				CODE_SIGN_IDENTITY = "iPhone Developer";
				COPY_PHASE_STRIP = NO;
				DEBUG_INFORMATION_FORMAT = dwarf;
				ENABLE_STRICT_OBJC_MSGSEND = YES;
				ENABLE_TESTABILITY = YES;
				GCC_C_LANGUAGE_STANDARD = gnu11;
				GCC_DYNAMIC_NO_PIC = NO;
				GCC_NO_COMMON_BLOCKS = YES;
				GCC_OPTIMIZATION_LEVEL = 0;
				GCC_PREPROCESSOR_DEFINITIONS = (
					"DEBUG=1",
					"$(inherited)",
				);
				GCC_WARN_64_TO_32_BIT_CONVERSION = YES;
				GCC_WARN_ABOUT_RETURN_TYPE = YES_ERROR;
				GCC_WARN_UNDECLARED_SELECTOR = YES;
				GCC_WARN_UNINITIALIZED_AUTOS = YES_AGGRESSIVE;
				GCC_WARN_UNUSED_FUNCTION = YES;
				GCC_WARN_UNUSED_VARIABLE = YES;
				IPHONEOS_DEPLOYMENT_TARGET = 12.2;
				MTL_ENABLE_DEBUG_INFO = INCLUDE_SOURCE;
				MTL_FAST_MATH = YES;
				ONLY_ACTIVE_ARCH = YES;
				SDKROOT = iphoneos;
				SWIFT_ACTIVE_COMPILATION_CONDITIONS = DEBUG;
				SWIFT_OPTIMIZATION_LEVEL = "-Onone";
			};
			name = Debug;
		};
		53B5BAB822DBEA2B0001040C /* Release */ = {
			isa = XCBuildConfiguration;
			buildSettings = {
				ALWAYS_SEARCH_USER_PATHS = NO;
				CLANG_ANALYZER_NONNULL = YES;
				CLANG_ANALYZER_NUMBER_OBJECT_CONVERSION = YES_AGGRESSIVE;
				CLANG_CXX_LANGUAGE_STANDARD = "gnu++14";
				CLANG_CXX_LIBRARY = "libc++";
				CLANG_ENABLE_MODULES = YES;
				CLANG_ENABLE_OBJC_ARC = YES;
				CLANG_ENABLE_OBJC_WEAK = YES;
				CLANG_WARN_BLOCK_CAPTURE_AUTORELEASING = YES;
				CLANG_WARN_BOOL_CONVERSION = YES;
				CLANG_WARN_COMMA = YES;
				CLANG_WARN_CONSTANT_CONVERSION = YES;
				CLANG_WARN_DEPRECATED_OBJC_IMPLEMENTATIONS = YES;
				CLANG_WARN_DIRECT_OBJC_ISA_USAGE = YES_ERROR;
				CLANG_WARN_DOCUMENTATION_COMMENTS = YES;
				CLANG_WARN_EMPTY_BODY = YES;
				CLANG_WARN_ENUM_CONVERSION = YES;
				CLANG_WARN_INFINITE_RECURSION = YES;
				CLANG_WARN_INT_CONVERSION = YES;
				CLANG_WARN_NON_LITERAL_NULL_CONVERSION = YES;
				CLANG_WARN_OBJC_IMPLICIT_RETAIN_SELF = YES;
				CLANG_WARN_OBJC_LITERAL_CONVERSION = YES;
				CLANG_WARN_OBJC_ROOT_CLASS = YES_ERROR;
				CLANG_WARN_RANGE_LOOP_ANALYSIS = YES;
				CLANG_WARN_STRICT_PROTOTYPES = YES;
				CLANG_WARN_SUSPICIOUS_MOVE = YES;
				CLANG_WARN_UNGUARDED_AVAILABILITY = YES_AGGRESSIVE;
				CLANG_WARN_UNREACHABLE_CODE = YES;
				CLANG_WARN__DUPLICATE_METHOD_MATCH = YES;
				CODE_SIGN_IDENTITY = "iPhone Developer";
				COPY_PHASE_STRIP = NO;
				DEBUG_INFORMATION_FORMAT = "dwarf-with-dsym";
				ENABLE_NS_ASSERTIONS = NO;
				ENABLE_STRICT_OBJC_MSGSEND = YES;
				GCC_C_LANGUAGE_STANDARD = gnu11;
				GCC_NO_COMMON_BLOCKS = YES;
				GCC_WARN_64_TO_32_BIT_CONVERSION = YES;
				GCC_WARN_ABOUT_RETURN_TYPE = YES_ERROR;
				GCC_WARN_UNDECLARED_SELECTOR = YES;
				GCC_WARN_UNINITIALIZED_AUTOS = YES_AGGRESSIVE;
				GCC_WARN_UNUSED_FUNCTION = YES;
				GCC_WARN_UNUSED_VARIABLE = YES;
				IPHONEOS_DEPLOYMENT_TARGET = 12.2;
				MTL_ENABLE_DEBUG_INFO = NO;
				MTL_FAST_MATH = YES;
				SDKROOT = iphoneos;
				SWIFT_COMPILATION_MODE = wholemodule;
				SWIFT_OPTIMIZATION_LEVEL = "-O";
				VALIDATE_PRODUCT = YES;
			};
			name = Release;
		};
		53B5BABA22DBEA2B0001040C /* Debug */ = {
			isa = XCBuildConfiguration;
			buildSettings = {
				ASSETCATALOG_COMPILER_APPICON_NAME = AppIcon;
				CODE_SIGN_ENTITLEMENTS = ContactList2/ContactList2.entitlements;
				CODE_SIGN_STYLE = Automatic;
				DEVELOPMENT_TEAM = 8MJ3MC3A9A;
				INFOPLIST_FILE = "$(SRCROOT)/ContactList2/Resources/Info.plist";
				LD_RUNPATH_SEARCH_PATHS = (
					"$(inherited)",
					"@executable_path/Frameworks",
				);
				PRODUCT_BUNDLE_IDENTIFIER = "Madi-S.ContactList2";
				PRODUCT_NAME = "$(TARGET_NAME)";
				SWIFT_VERSION = 5.0;
				TARGETED_DEVICE_FAMILY = "1,2";
			};
			name = Debug;
		};
		53B5BABB22DBEA2B0001040C /* Release */ = {
			isa = XCBuildConfiguration;
			buildSettings = {
				ASSETCATALOG_COMPILER_APPICON_NAME = AppIcon;
				CODE_SIGN_ENTITLEMENTS = ContactList2/ContactList2.entitlements;
				CODE_SIGN_STYLE = Automatic;
				DEVELOPMENT_TEAM = 8MJ3MC3A9A;
				INFOPLIST_FILE = "$(SRCROOT)/ContactList2/Resources/Info.plist";
				LD_RUNPATH_SEARCH_PATHS = (
					"$(inherited)",
					"@executable_path/Frameworks",
				);
				PRODUCT_BUNDLE_IDENTIFIER = "Madi-S.ContactList2";
				PRODUCT_NAME = "$(TARGET_NAME)";
				SWIFT_VERSION = 5.0;
				TARGETED_DEVICE_FAMILY = "1,2";
			};
			name = Release;
		};
/* End XCBuildConfiguration section */

/* Begin XCConfigurationList section */
		53B5BAA222DBEA2A0001040C /* Build configuration list for PBXProject "ContactList2" */ = {
			isa = XCConfigurationList;
			buildConfigurations = (
				53B5BAB722DBEA2B0001040C /* Debug */,
				53B5BAB822DBEA2B0001040C /* Release */,
			);
			defaultConfigurationIsVisible = 0;
			defaultConfigurationName = Release;
		};
		53B5BAB922DBEA2B0001040C /* Build configuration list for PBXNativeTarget "ContactList2" */ = {
			isa = XCConfigurationList;
			buildConfigurations = (
				53B5BABA22DBEA2B0001040C /* Debug */,
				53B5BABB22DBEA2B0001040C /* Release */,
			);
			defaultConfigurationIsVisible = 0;
			defaultConfigurationName = Release;
		};
/* End XCConfigurationList section */
	};
	rootObject = 53B5BA9F22DBEA2A0001040C /* Project object */;
}
